
Microsoft Visual Studio Solution File, Format Version 12.00
# Visual Studio 2013
VisualStudioVersion = 12.0.31101.0
MinimumVisualStudioVersion = 10.0.40219.1
Project("{FAE04EC0-301F-11D3-BF4B-00C04F79EFBC}") = "RubberBandBehaviorExample", "RubberBandBehaviorExample\RubberBandBehaviorExample.csproj", "{C2215CB2-EE96-4278-AD69-D79F2DDAC76F}"
EndProject
Project("{FAE04EC0-301F-11D3-BF4B-00C04F79EFBC}") = "RubberBandControlLib", "RubberBandControlLib\RubberBandControlLib.csproj", "{561D50BA-819C-4065-BECE-C62CF2CD561F}"
EndProject
Global
	GlobalSection(SolutionConfigurationPlatforms) = preSolution
		Debug|Any CPU = Debug|Any CPU
		Release|Any CPU = Release|Any CPU
	EndGlobalSection
	GlobalSection(ProjectConfigurationPlatforms) = postSolution
		{C2215CB2-EE96-4278-AD69-D79F2DDAC76F}.Debug|Any CPU.ActiveCfg = Debug|Any CPU
		{C2215CB2-EE96-4278-AD69-D79F2DDAC76F}.Debug|Any CPU.Build.0 = Debug|Any CPU
		{C2215CB2-EE96-4278-AD69-D79F2DDAC76F}.Release|Any CPU.ActiveCfg = Release|Any CPU
		{C2215CB2-EE96-4278-AD69-D79F2DDAC76F}.Release|Any CPU.Build.0 = Release|Any CPU
		{561D50BA-819C-4065-BECE-C62CF2CD561F}.Debug|Any CPU.ActiveCfg = Debug|Any CPU
		{561D50BA-819C-4065-BECE-C62CF2CD561F}.Debug|Any CPU.Build.0 = Debug|Any CPU
		{561D50BA-819C-4065-BECE-C62CF2CD561F}.Release|Any CPU.ActiveCfg = Release|Any CPU
		{561D50BA-819C-4065-BECE-C62CF2CD561F}.Release|Any CPU.Build.0 = Release|Any CPU
	EndGlobalSection
	GlobalSection(SolutionProperties) = preSolution
		HideSolutionNode = FALSE
	EndGlobalSection
EndGlobal
